{
  "originHash" : "03b6864ed48ee8fb63d5cddb4193a80ce87db0662a6230c613d2cb7b9dc3c607",
  "pins" : [
    {
      "identity" : "capacitor-swift-pm",
      "kind" : "remoteSourceControl",
      "location" : "https://github.com/ionic-team/capacitor-swift-pm.git",
      "state" : {
        "revision" : "596259033e94829dffc552a40e7129262122995e",
        "version" : "8.0.0"
      }
    },
    {
      "identity" : "purchases-hybrid-common",
      "kind" : "remoteSourceControl",
      "location" : "https://github.com/RevenueCat/purchases-hybrid-common.git",
      "state" : {
        "revision" : "d635d7277750b7196fc7b1a115b5cdd5efad60f6",
        "version" : "17.30.0"
      }
    },
    {
      "identity" : "purchases-ios-spm",
      "kind" : "remoteSourceControl",
      "location" : "https://github.com/RevenueCat/purchases-ios-spm",
      "state" : {
        "revision" : "b30ad3e7d22979feee2abf4de7fefd872eb14290",
        "version" : "5.56.0"
      }
    }
  ],
  "version" : 3
}
